
Microsoft Visual Studio Solution File, Format Version 12.00
# Visual Studio Version 17
VisualStudioVersion = 17.6.33723.286
MinimumVisualStudioVersion = 10.0.40219.1
Project("{FAE04EC0-301F-11D3-BF4B-00C04F79EFBC}") = "DailyProgramming.Android", "DailyProgramming.Android\DailyProgramming.Android.csproj", "{62F5AE1A-82A9-410E-862A-AE6A50A8FC11}"
EndProject
Project("{FAE04EC0-301F-11D3-BF4B-00C04F79EFBC}") = "DailyProgramming.iOS", "DailyProgramming.iOS\DailyProgramming.iOS.csproj", "{C089727B-D663-4714-B85F-15A35ED3949D}"
EndProject
Project("{FAE04EC0-301F-11D3-BF4B-00C04F79EFBC}") = "DailyProgramming", "DailyProgramming\DailyProgramming.csproj", "{917E2D9B-01C6-43B0-BD21-3C164BC54241}"
EndProject
Global
	GlobalSection(SolutionConfigurationPlatforms) = preSolution
		Debug|Any CPU = Debug|Any CPU
		Debug|iPhone = Debug|iPhone
		Debug|iPhoneSimulator = Debug|iPhoneSimulator
		Release|Any CPU = Release|Any CPU
		Release|iPhone = Release|iPhone
		Release|iPhoneSimulator = Release|iPhoneSimulator
	EndGlobalSection
	GlobalSection(ProjectConfigurationPlatforms) = postSolution
		{62F5AE1A-82A9-410E-862A-AE6A50A8FC11}.Debug|Any CPU.ActiveCfg = Debug|Any CPU
		{62F5AE1A-82A9-410E-862A-AE6A50A8FC11}.Debug|Any CPU.Build.0 = Debug|Any CPU
		{62F5AE1A-82A9-410E-862A-AE6A50A8FC11}.Debug|Any CPU.Deploy.0 = Debug|Any CPU
		{62F5AE1A-82A9-410E-862A-AE6A50A8FC11}.Debug|iPhone.ActiveCfg = Debug|Any CPU
		{62F5AE1A-82A9-410E-862A-AE6A50A8FC11}.Debug|iPhone.Build.0 = Debug|Any CPU
		{62F5AE1A-82A9-410E-862A-AE6A50A8FC11}.Debug|iPhone.Deploy.0 = Debug|Any CPU
		{62F5AE1A-82A9-410E-862A-AE6A50A8FC11}.Debug|iPhoneSimulator.ActiveCfg = Debug|Any CPU
		{62F5AE1A-82A9-410E-862A-AE6A50A8FC11}.Debug|iPhoneSimulator.Build.0 = Debug|Any CPU
		{62F5AE1A-82A9-410E-862A-AE6A50A8FC11}.Debug|iPhoneSimulator.Deploy.0 = Debug|Any CPU
		{62F5AE1A-82A9-410E-862A-AE6A50A8FC11}.Release|Any CPU.ActiveCfg = Release|Any CPU
		{62F5AE1A-82A9-410E-862A-AE6A50A8FC11}.Release|Any CPU.Build.0 = Release|Any CPU
		{62F5AE1A-82A9-410E-862A-AE6A50A8FC11}.Release|Any CPU.Deploy.0 = Release|Any CPU
		{62F5AE1A-82A9-410E-862A-AE6A50A8FC11}.Release|iPhone.ActiveCfg = Release|Any CPU
		{62F5AE1A-82A9-410E-862A-AE6A50A8FC11}.Release|iPhone.Build.0 = Release|Any CPU
		{62F5AE1A-82A9-410E-862A-AE6A50A8FC11}.Release|iPhone.Deploy.0 = Release|Any CPU
		{62F5AE1A-82A9-410E-862A-AE6A50A8FC11}.Release|iPhoneSimulator.ActiveCfg = Release|Any CPU
		{62F5AE1A-82A9-410E-862A-AE6A50A8FC11}.Release|iPhoneSimulator.Build.0 = Release|Any CPU
		{62F5AE1A-82A9-410E-862A-AE6A50A8FC11}.Release|iPhoneSimulator.Deploy.0 = Release|Any CPU
		{C089727B-D663-4714-B85F-15A35ED3949D}.Debug|Any CPU.ActiveCfg = Debug|iPhone
		{C089727B-D663-4714-B85F-15A35ED3949D}.Debug|Any CPU.Build.0 = Debug|iPhone
		{C089727B-D663-4714-B85F-15A35ED3949D}.Debug|Any CPU.Deploy.0 = Debug|iPhone
		{C089727B-D663-4714-B85F-15A35ED3949D}.Debug|iPhone.ActiveCfg = Debug|iPhone
		{C089727B-D663-4714-B85F-15A35ED3949D}.Debug|iPhone.Build.0 = Debug|iPhone
		{C089727B-D663-4714-B85F-15A35ED3949D}.Debug|iPhone.Deploy.0 = Debug|iPhone
		{C089727B-D663-4714-B85F-15A35ED3949D}.Debug|iPhoneSimulator.ActiveCfg = Debug|iPhoneSimulator
		{C089727B-D663-4714-B85F-15A35ED3949D}.Debug|iPhoneSimulator.Build.0 = Debug|iPhoneSimulator
		{C089727B-D663-4714-B85F-15A35ED3949D}.Debug|iPhoneSimulator.Deploy.0 = Debug|iPhoneSimulator
		{C089727B-D663-4714-B85F-15A35ED3949D}.Release|Any CPU.ActiveCfg = Release|iPhoneSimulator
		{C089727B-D663-4714-B85F-15A35ED3949D}.Release|Any CPU.Build.0 = Release|iPhoneSimulator
		{C089727B-D663-4714-B85F-15A35ED3949D}.Release|Any CPU.Deploy.0 = Release|iPhoneSimulator
		{C089727B-D663-4714-B85F-15A35ED3949D}.Release|iPhone.ActiveCfg = Release|iPhone
		{C089727B-D663-4714-B85F-15A35ED3949D}.Release|iPhone.Build.0 = Release|iPhone
		{C089727B-D663-4714-B85F-15A35ED3949D}.Release|iPhone.Deploy.0 = Release|iPhone
		{C089727B-D663-4714-B85F-15A35ED3949D}.Release|iPhoneSimulator.ActiveCfg = Release|iPhoneSimulator
		{C089727B-D663-4714-B85F-15A35ED3949D}.Release|iPhoneSimulator.Build.0 = Release|iPhoneSimulator
		{C089727B-D663-4714-B85F-15A35ED3949D}.Release|iPhoneSimulator.Deploy.0 = Release|iPhoneSimulator
		{917E2D9B-01C6-43B0-BD21-3C164BC54241}.Debug|Any CPU.ActiveCfg = Debug|Any CPU
		{917E2D9B-01C6-43B0-BD21-3C164BC54241}.Debug|Any CPU.Build.0 = Debug|Any CPU
		{917E2D9B-01C6-43B0-BD21-3C164BC54241}.Debug|Any CPU.Deploy.0 = Debug|Any CPU
		{917E2D9B-01C6-43B0-BD21-3C164BC54241}.Debug|iPhone.ActiveCfg = Debug|Any CPU
		{917E2D9B-01C6-43B0-BD21-3C164BC54241}.Debug|iPhone.Build.0 = Debug|Any CPU
		{917E2D9B-01C6-43B0-BD21-3C164BC54241}.Debug|iPhone.Deploy.0 = Debug|Any CPU
		{917E2D9B-01C6-43B0-BD21-3C164BC54241}.Debug|iPhoneSimulator.ActiveCfg = Debug|Any CPU
		{917E2D9B-01C6-43B0-BD21-3C164BC54241}.Debug|iPhoneSimulator.Build.0 = Debug|Any CPU
		{917E2D9B-01C6-43B0-BD21-3C164BC54241}.Debug|iPhoneSimulator.Deploy.0 = Debug|Any CPU
		{917E2D9B-01C6-43B0-BD21-3C164BC54241}.Release|Any CPU.ActiveCfg = Release|Any CPU
		{917E2D9B-01C6-43B0-BD21-3C164BC54241}.Release|Any CPU.Build.0 = Release|Any CPU
		{917E2D9B-01C6-43B0-BD21-3C164BC54241}.Release|Any CPU.Deploy.0 = Release|Any CPU
		{917E2D9B-01C6-43B0-BD21-3C164BC54241}.Release|iPhone.ActiveCfg = Release|Any CPU
		{917E2D9B-01C6-43B0-BD21-3C164BC54241}.Release|iPhone.Build.0 = Release|Any CPU
		{917E2D9B-01C6-43B0-BD21-3C164BC54241}.Release|iPhone.Deploy.0 = Release|Any CPU
		{917E2D9B-01C6-43B0-BD21-3C164BC54241}.Release|iPhoneSimulator.ActiveCfg = Release|Any CPU
		{917E2D9B-01C6-43B0-BD21-3C164BC54241}.Release|iPhoneSimulator.Build.0 = Release|Any CPU
		{917E2D9B-01C6-43B0-BD21-3C164BC54241}.Release|iPhoneSimulator.Deploy.0 = Release|Any CPU
	EndGlobalSection
	GlobalSection(SolutionProperties) = preSolution
		HideSolutionNode = FALSE
	EndGlobalSection
	GlobalSection(ExtensibilityGlobals) = postSolution
		SolutionGuid = {B17B095A-F950-4043-A5BB-EB2B4582F4DD}
	EndGlobalSection
EndGlobal
